
Microsoft Visual Studio Solution File, Format Version 12.00
# Visual Studio Version 16
VisualStudioVersion = 16.0.30803.129
MinimumVisualStudioVersion = 10.0.40219.1
Project("{9A19103F-16F7-4668-BE54-9A1E7A4F7556}") = "server", "server.csproj", "{5EA4CC6C-5B54-46C0-B864-5D4D88D3D996}"
EndProject
Global
	GlobalSection(SolutionConfigurationPlatforms) = preSolution
		Debug|Any CPU = Debug|Any CPU
		Release|Any CPU = Release|Any CPU
	EndGlobalSection
	GlobalSection(ProjectConfigurationPlatforms) = postSolution
		{5EA4CC6C-5B54-46C0-B864-5D4D88D3D996}.Debug|Any CPU.ActiveCfg = Debug|Any CPU
		{5EA4CC6C-5B54-46C0-B864-5D4D88D3D996}.Debug|Any CPU.Build.0 = Debug|Any CPU
		{5EA4CC6C-5B54-46C0-B864-5D4D88D3D996}.Release|Any CPU.ActiveCfg = Release|Any CPU
		{5EA4CC6C-5B54-46C0-B864-5D4D88D3D996}.Release|Any CPU.Build.0 = Release|Any CPU
	EndGlobalSection
	GlobalSection(SolutionProperties) = preSolution
		HideSolutionNode = FALSE
	EndGlobalSection
	GlobalSection(ExtensibilityGlobals) = postSolution
		SolutionGuid = {C535C394-72D2-4F87-872C-55190C4CB817}
	EndGlobalSection
EndGlobal
